// !$*UTF8*$!
{
	archiveVersion = 1;
	classes = {
	};
	objectVersion = 77;
	objects = {

/* Begin PBXBuildFile section */
		058557BB273AAA24004C7B11 /* Assets.xcassets in Resources */ = {isa = PBXBuildFile; fileRef = 058557BA273AAA24004C7B11 /* Assets.xcassets */; };
		7555FF83242A565900829871 /* ContentView.swift in Sources */ = {isa = PBXBuildFile; fileRef = 7555FF82242A565900829871 /* ContentView.swift */; };
		BF3D117F2B15907F00915E2A /* EduItem.swift in Sources */ = {isa = PBXBuildFile; fileRef = BF3D116F2B15907E00915E2A /* EduItem.swift */; };
		BF3D11802B15907F00915E2A /* EduDetails.swift in Sources */ = {isa = PBXBuildFile; fileRef = BF3D11702B15907E00915E2A /* EduDetails.swift */; };
		BF3D11812B15907F00915E2A /* MohawkId.swift in Sources */ = {isa = PBXBuildFile; fileRef = BF3D11712B15907E00915E2A /* MohawkId.swift */; };
		BF3D11822B15907F00915E2A /* WesEval.swift in Sources */ = {isa = PBXBuildFile; fileRef = BF3D11722B15907E00915E2A /* WesEval.swift */; };
		BF3D11832B15907F00915E2A /* Certificate.swift in Sources */ = {isa = PBXBuildFile; fileRef = BF3D11732B15907E00915E2A /* Certificate.swift */; };
		BF3D11842B15907F00915E2A /* Credential.swift in Sources */ = {isa = PBXBuildFile; fileRef = BF3D11742B15907E00915E2A /* Credential.swift */; };
		BF3D11852B15907F00915E2A /* RepoDetails.swift in Sources */ = {isa = PBXBuildFile; fileRef = BF3D11752B15907E00915E2A /* RepoDetails.swift */; };
		BF3D11872B15907F00915E2A /* PortfolioApp.swift in Sources */ = {isa = PBXBuildFile; fileRef = BF3D11772B15907E00915E2A /* PortfolioApp.swift */; };
		BF3D118C2B15907F00915E2A /* ViewModel.swift in Sources */ = {isa = PBXBuildFile; fileRef = BF3D117E2B15907F00915E2A /* ViewModel.swift */; };
		BF3DDB5E2D62F7100030FB69 /* EduCard.swift in Sources */ = {isa = PBXBuildFile; fileRef = BF3DDB5A2D62F7100030FB69 /* EduCard.swift */; };
		BF3DDB5F2D62F7100030FB69 /* MeCard.swift in Sources */ = {isa = PBXBuildFile; fileRef = BF3DDB5B2D62F7100030FB69 /* MeCard.swift */; };
		BF3DDB602D62F7100030FB69 /* RepoCard.swift in Sources */ = {isa = PBXBuildFile; fileRef = BF3DDB5C2D62F7100030FB69 /* RepoCard.swift */; };
		BF4BFDAB2BDB21900080842B /* LinkItem.swift in Sources */ = {isa = PBXBuildFile; fileRef = BF4BFDAA2BDB21900080842B /* LinkItem.swift */; };
/* End PBXBuildFile section */

/* Begin PBXCopyFilesBuildPhase section */
		7555FFB4242A642300829871 /* Embed Frameworks */ = {
			isa = PBXCopyFilesBuildPhase;
			buildActionMask = 2147483647;
			dstPath = "";
			dstSubfolderSpec = 10;
			files = (
			);
			name = "Embed Frameworks";
			runOnlyForDeploymentPostprocessing = 0;
		};
/* End PBXCopyFilesBuildPhase section */

/* Begin PBXFileReference section */
		058557BA273AAA24004C7B11 /* Assets.xcassets */ = {isa = PBXFileReference; lastKnownFileType = folder.assetcatalog; path = Assets.xcassets; sourceTree = "<group>"; };
		7555FF7B242A565900829871 /* Runner.app */ = {isa = PBXFileReference; explicitFileType = wrapper.application; includeInIndex = 0; path = Runner.app; sourceTree = BUILT_PRODUCTS_DIR; };
		7555FF82242A565900829871 /* ContentView.swift */ = {isa = PBXFileReference; lastKnownFileType = sourcecode.swift; path = ContentView.swift; sourceTree = "<group>"; };
		7555FF8C242A565B00829871 /* Info.plist */ = {isa = PBXFileReference; lastKnownFileType = text.plist.xml; path = Info.plist; sourceTree = "<group>"; };
		BF3D116F2B15907E00915E2A /* EduItem.swift */ = {isa = PBXFileReference; fileEncoding = 4; lastKnownFileType = sourcecode.swift; path = EduItem.swift; sourceTree = "<group>"; };
		BF3D11702B15907E00915E2A /* EduDetails.swift */ = {isa = PBXFileReference; fileEncoding = 4; lastKnownFileType = sourcecode.swift; path = EduDetails.swift; sourceTree = "<group>"; };
		BF3D11712B15907E00915E2A /* MohawkId.swift */ = {isa = PBXFileReference; fileEncoding = 4; lastKnownFileType = sourcecode.swift; path = MohawkId.swift; sourceTree = "<group>"; };
		BF3D11722B15907E00915E2A /* WesEval.swift */ = {isa = PBXFileReference; fileEncoding = 4; lastKnownFileType = sourcecode.swift; path = WesEval.swift; sourceTree = "<group>"; };
		BF3D11732B15907E00915E2A /* Certificate.swift */ = {isa = PBXFileReference; fileEncoding = 4; lastKnownFileType = sourcecode.swift; path = Certificate.swift; sourceTree = "<group>"; };
		BF3D11742B15907E00915E2A /* Credential.swift */ = {isa = PBXFileReference; fileEncoding = 4; lastKnownFileType = sourcecode.swift; path = Credential.swift; sourceTree = "<group>"; };
		BF3D11752B15907E00915E2A /* RepoDetails.swift */ = {isa = PBXFileReference; fileEncoding = 4; lastKnownFileType = sourcecode.swift; path = RepoDetails.swift; sourceTree = "<group>"; };
		BF3D11772B15907E00915E2A /* PortfolioApp.swift */ = {isa = PBXFileReference; fileEncoding = 4; lastKnownFileType = sourcecode.swift; path = PortfolioApp.swift; sourceTree = "<group>"; };
		BF3D117E2B15907F00915E2A /* ViewModel.swift */ = {isa = PBXFileReference; fileEncoding = 4; lastKnownFileType = sourcecode.swift; path = ViewModel.swift; sourceTree = "<group>"; };
		BF3DDB5A2D62F7100030FB69 /* EduCard.swift */ = {isa = PBXFileReference; lastKnownFileType = sourcecode.swift; path = EduCard.swift; sourceTree = "<group>"; };
		BF3DDB5B2D62F7100030FB69 /* MeCard.swift */ = {isa = PBXFileReference; lastKnownFileType = sourcecode.swift; path = MeCard.swift; sourceTree = "<group>"; };
		BF3DDB5C2D62F7100030FB69 /* RepoCard.swift */ = {isa = PBXFileReference; lastKnownFileType = sourcecode.swift; path = RepoCard.swift; sourceTree = "<group>"; };
		BF4BFDAA2BDB21900080842B /* LinkItem.swift */ = {isa = PBXFileReference; lastKnownFileType = sourcecode.swift; path = LinkItem.swift; sourceTree = "<group>"; };
/* End PBXFileReference section */

/* Begin PBXFrameworksBuildPhase section */
		7555FF78242A565900829871 /* Frameworks */ = {
			isa = PBXFrameworksBuildPhase;
			buildActionMask = 2147483647;
			files = (
			);
			runOnlyForDeploymentPostprocessing = 0;
		};
/* End PBXFrameworksBuildPhase section */

/* Begin PBXGroup section */
		7555FF72242A565900829871 = {
			isa = PBXGroup;
			children = (
				7555FF7C242A565900829871 /* Products */,
				7555FF7D242A565900829871 /* Runner */,
			);
			sourceTree = "<group>";
		};
		7555FF7C242A565900829871 /* Products */ = {
			isa = PBXGroup;
			children = (
				7555FF7B242A565900829871 /* Runner.app */,
			);
			name = Products;
			sourceTree = "<group>";
		};
		7555FF7D242A565900829871 /* Runner */ = {
			isa = PBXGroup;
			children = (
				7555FF8C242A565B00829871 /* Info.plist */,
				7555FF82242A565900829871 /* ContentView.swift */,
				BF3D11772B15907E00915E2A /* PortfolioApp.swift */,
				058557BA273AAA24004C7B11 /* Assets.xcassets */,
				BF3D116E2B15907E00915E2A /* Cards */,
				BF08B42F2BA14DF7006750A2 /* DetailView */,
				BF3DDB5D2D62F7100030FB69 /* ListItem */,
				BF3D117D2B15907F00915E2A /* Models */,
				BF08B42E2BA14DD8006750A2 /* Views */,
			);
			path = Runner;
			sourceTree = "<group>";
		};
		BF08B42E2BA14DD8006750A2 /* Views */ = {
			isa = PBXGroup;
			children = (
				BF3D11732B15907E00915E2A /* Certificate.swift */,
				BF3D11742B15907E00915E2A /* Credential.swift */,
				BF3D11712B15907E00915E2A /* MohawkId.swift */,
				BF3D11722B15907E00915E2A /* WesEval.swift */,
			);
			path = Views;
			sourceTree = "<group>";
		};
		BF08B42F2BA14DF7006750A2 /* DetailView */ = {
			isa = PBXGroup;
			children = (
				BF3D11702B15907E00915E2A /* EduDetails.swift */,
				BF3D11752B15907E00915E2A /* RepoDetails.swift */,
			);
			path = DetailView;
			sourceTree = "<group>";
		};
		BF3D116E2B15907E00915E2A /* Cards */ = {
			isa = PBXGroup;
			children = (
				BF3DDB5B2D62F7100030FB69 /* MeCard.swift */,
				BF3DDB5A2D62F7100030FB69 /* EduCard.swift */,
				BF3DDB5C2D62F7100030FB69 /* RepoCard.swift */,
			);
			path = Cards;
			sourceTree = "<group>";
		};
		BF3D117D2B15907F00915E2A /* Models */ = {
			isa = PBXGroup;
			children = (
				BF3D117E2B15907F00915E2A /* ViewModel.swift */,
			);
			path = Models;
			sourceTree = "<group>";
		};
		BF3DDB5D2D62F7100030FB69 /* ListItem */ = {
			isa = PBXGroup;
			children = (
				BF4BFDAA2BDB21900080842B /* LinkItem.swift */,
				BF3D116F2B15907E00915E2A /* EduItem.swift */,
			);
			path = ListItem;
			sourceTree = "<group>";
		};
/* End PBXGroup section */

/* Begin PBXNativeTarget section */
		7555FF7A242A565900829871 /* Runner */ = {
			isa = PBXNativeTarget;
			buildConfigurationList = 7555FFA5242A565B00829871 /* Build configuration list for PBXNativeTarget "Runner" */;
			buildPhases = (
				7555FFB5242A651A00829871 /* Run Script */,
				7555FF77242A565900829871 /* Sources */,
				7555FF78242A565900829871 /* Frameworks */,
				7555FF79242A565900829871 /* Resources */,
				7555FFB4242A642300829871 /* Embed Frameworks */,
			);
			buildRules = (
			);
			dependencies = (
			);
			name = Runner;
			productName = Runner;
			productReference = 7555FF7B242A565900829871 /* Runner.app */;
			productType = "com.apple.product-type.application";
		};
/* End PBXNativeTarget section */

/* Begin PBXProject section */
		7555FF73242A565900829871 /* Project object */ = {
			isa = PBXProject;
			attributes = {
				BuildIndependentTargetsInParallel = YES;
				LastSwiftUpdateCheck = 1130;
				LastUpgradeCheck = 1640;
				ORGANIZATIONNAME = me.mitul;
				TargetAttributes = {
					7555FF7A242A565900829871 = {
						CreatedOnToolsVersion = 11.3.1;
					};
				};
			};
			buildConfigurationList = 7555FF76242A565900829871 /* Build configuration list for PBXProject "Runner" */;
			developmentRegion = en;
			hasScannedForEncodings = 0;
			knownRegions = (
				en,
				Base,
			);
			mainGroup = 7555FF72242A565900829871;
			minimizedProjectReferenceProxies = 1;
			preferredProjectObjectVersion = 77;
			productRefGroup = 7555FF7C242A565900829871 /* Products */;
			projectDirPath = "";
			projectRoot = "";
			targets = (
				7555FF7A242A565900829871 /* Runner */,
			);
		};
/* End PBXProject section */

/* Begin PBXResourcesBuildPhase section */
		7555FF79242A565900829871 /* Resources */ = {
			isa = PBXResourcesBuildPhase;
			buildActionMask = 2147483647;
			files = (
				058557BB273AAA24004C7B11 /* Assets.xcassets in Resources */,
			);
			runOnlyForDeploymentPostprocessing = 0;
		};
/* End PBXResourcesBuildPhase section */

/* Begin PBXShellScriptBuildPhase section */
		7555FFB5242A651A00829871 /* Run Script */ = {
			isa = PBXShellScriptBuildPhase;
			alwaysOutOfDate = 1;
			buildActionMask = 2147483647;
			files = (
			);
			inputFileListPaths = (
			);
			inputPaths = (
			);
			name = "Run Script";
			outputFileListPaths = (
			);
			outputPaths = (
			);
			runOnlyForDeploymentPostprocessing = 0;
			shellPath = /bin/sh;
			shellScript = "cd \"$SRCROOT/..\"\n./gradlew :Shared:embedAndSignAppleFrameworkForXcode\n";
		};
/* End PBXShellScriptBuildPhase section */

/* Begin PBXSourcesBuildPhase section */
		7555FF77242A565900829871 /* Sources */ = {
			isa = PBXSourcesBuildPhase;
			buildActionMask = 2147483647;
			files = (
				BF3D11822B15907F00915E2A /* WesEval.swift in Sources */,
				BF3DDB5E2D62F7100030FB69 /* EduCard.swift in Sources */,
				BF3DDB5F2D62F7100030FB69 /* MeCard.swift in Sources */,
				BF3DDB602D62F7100030FB69 /* RepoCard.swift in Sources */,
				BF3D11872B15907F00915E2A /* PortfolioApp.swift in Sources */,
				BF3D118C2B15907F00915E2A /* ViewModel.swift in Sources */,
				7555FF83242A565900829871 /* ContentView.swift in Sources */,
				BF3D117F2B15907F00915E2A /* EduItem.swift in Sources */,
				BF3D11802B15907F00915E2A /* EduDetails.swift in Sources */,
				BF3D11842B15907F00915E2A /* Credential.swift in Sources */,
				BF3D11852B15907F00915E2A /* RepoDetails.swift in Sources */,
				BF3D11832B15907F00915E2A /* Certificate.swift in Sources */,
				BF4BFDAB2BDB21900080842B /* LinkItem.swift in Sources */,
				BF3D11812B15907F00915E2A /* MohawkId.swift in Sources */,
			);
			runOnlyForDeploymentPostprocessing = 0;
		};
/* End PBXSourcesBuildPhase section */

/* Begin XCBuildConfiguration section */
		7555FFA3242A565B00829871 /* Debug */ = {
			isa = XCBuildConfiguration;
			buildSettings = {
				ALWAYS_SEARCH_USER_PATHS = NO;
				ASSETCATALOG_COMPILER_GENERATE_SWIFT_ASSET_SYMBOL_EXTENSIONS = YES;
				CLANG_ANALYZER_NONNULL = YES;
				CLANG_ANALYZER_NUMBER_OBJECT_CONVERSION = YES_AGGRESSIVE;
				CLANG_CXX_LANGUAGE_STANDARD = "gnu++14";
				CLANG_CXX_LIBRARY = "libc++";
				CLANG_ENABLE_MODULES = YES;
				CLANG_ENABLE_OBJC_ARC = YES;
				CLANG_ENABLE_OBJC_WEAK = YES;
				CLANG_WARN_BLOCK_CAPTURE_AUTORELEASING = YES;
				CLANG_WARN_BOOL_CONVERSION = YES;
				CLANG_WARN_COMMA = YES;
				CLANG_WARN_CONSTANT_CONVERSION = YES;
				CLANG_WARN_DEPRECATED_OBJC_IMPLEMENTATIONS = YES;
				CLANG_WARN_DIRECT_OBJC_ISA_USAGE = YES_ERROR;
				CLANG_WARN_DOCUMENTATION_COMMENTS = YES;
				CLANG_WARN_EMPTY_BODY = YES;
				CLANG_WARN_ENUM_CONVERSION = YES;
				CLANG_WARN_INFINITE_RECURSION = YES;
				CLANG_WARN_INT_CONVERSION = YES;
				CLANG_WARN_NON_LITERAL_NULL_CONVERSION = YES;
				CLANG_WARN_OBJC_IMPLICIT_RETAIN_SELF = YES;
				CLANG_WARN_OBJC_LITERAL_CONVERSION = YES;
				CLANG_WARN_OBJC_ROOT_CLASS = YES_ERROR;
				CLANG_WARN_QUOTED_INCLUDE_IN_FRAMEWORK_HEADER = YES;
				CLANG_WARN_RANGE_LOOP_ANALYSIS = YES;
				CLANG_WARN_STRICT_PROTOTYPES = YES;
				CLANG_WARN_SUSPICIOUS_MOVE = YES;
				CLANG_WARN_UNGUARDED_AVAILABILITY = YES_AGGRESSIVE;
				CLANG_WARN_UNREACHABLE_CODE = YES;
				CLANG_WARN__DUPLICATE_METHOD_MATCH = YES;
				COPY_PHASE_STRIP = NO;
				DEBUG_INFORMATION_FORMAT = "dwarf-with-dsym";
				DEVELOPMENT_TEAM = 5H53W9SDBA;
				ENABLE_STRICT_OBJC_MSGSEND = YES;
				ENABLE_TESTABILITY = YES;
				ENABLE_USER_SCRIPT_SANDBOXING = NO;
				GCC_C_LANGUAGE_STANDARD = gnu11;
				GCC_DYNAMIC_NO_PIC = NO;
				GCC_NO_COMMON_BLOCKS = YES;
				GCC_OPTIMIZATION_LEVEL = 0;
				GCC_PREPROCESSOR_DEFINITIONS = (
					"DEBUG=1",
					"$(inherited)",
				);
				GCC_WARN_64_TO_32_BIT_CONVERSION = YES;
				GCC_WARN_ABOUT_RETURN_TYPE = YES_ERROR;
				GCC_WARN_UNDECLARED_SELECTOR = YES;
				GCC_WARN_UNINITIALIZED_AUTOS = YES_AGGRESSIVE;
				GCC_WARN_UNUSED_FUNCTION = YES;
				GCC_WARN_UNUSED_VARIABLE = YES;
				IPHONEOS_DEPLOYMENT_TARGET = 17.0;
				MTL_ENABLE_DEBUG_INFO = INCLUDE_SOURCE;
				MTL_FAST_MATH = YES;
				ONLY_ACTIVE_ARCH = YES;
				SDKROOT = iphoneos;
				SWIFT_ACTIVE_COMPILATION_CONDITIONS = DEBUG;
				SWIFT_OPTIMIZATION_LEVEL = "-Onone";
			};
			name = Debug;
		};
		7555FFA4242A565B00829871 /* Release */ = {
			isa = XCBuildConfiguration;
			buildSettings = {
				ALWAYS_SEARCH_USER_PATHS = NO;
				ASSETCATALOG_COMPILER_GENERATE_SWIFT_ASSET_SYMBOL_EXTENSIONS = YES;
				CLANG_ANALYZER_NONNULL = YES;
				CLANG_ANALYZER_NUMBER_OBJECT_CONVERSION = YES_AGGRESSIVE;
				CLANG_CXX_LANGUAGE_STANDARD = "gnu++14";
				CLANG_CXX_LIBRARY = "libc++";
				CLANG_ENABLE_MODULES = YES;
				CLANG_ENABLE_OBJC_ARC = YES;
				CLANG_ENABLE_OBJC_WEAK = YES;
				CLANG_WARN_BLOCK_CAPTURE_AUTORELEASING = YES;
				CLANG_WARN_BOOL_CONVERSION = YES;
				CLANG_WARN_COMMA = YES;
				CLANG_WARN_CONSTANT_CONVERSION = YES;
				CLANG_WARN_DEPRECATED_OBJC_IMPLEMENTATIONS = YES;
				CLANG_WARN_DIRECT_OBJC_ISA_USAGE = YES_ERROR;
				CLANG_WARN_DOCUMENTATION_COMMENTS = YES;
				CLANG_WARN_EMPTY_BODY = YES;
				CLANG_WARN_ENUM_CONVERSION = YES;
				CLANG_WARN_INFINITE_RECURSION = YES;
				CLANG_WARN_INT_CONVERSION = YES;
				CLANG_WARN_NON_LITERAL_NULL_CONVERSION = YES;
				CLANG_WARN_OBJC_IMPLICIT_RETAIN_SELF = YES;
				CLANG_WARN_OBJC_LITERAL_CONVERSION = YES;
				CLANG_WARN_OBJC_ROOT_CLASS = YES_ERROR;
				CLANG_WARN_QUOTED_INCLUDE_IN_FRAMEWORK_HEADER = YES;
				CLANG_WARN_RANGE_LOOP_ANALYSIS = YES;
				CLANG_WARN_STRICT_PROTOTYPES = YES;
				CLANG_WARN_SUSPICIOUS_MOVE = YES;
				CLANG_WARN_UNGUARDED_AVAILABILITY = YES_AGGRESSIVE;
				CLANG_WARN_UNREACHABLE_CODE = YES;
				CLANG_WARN__DUPLICATE_METHOD_MATCH = YES;
				COPY_PHASE_STRIP = NO;
				DEBUG_INFORMATION_FORMAT = "dwarf-with-dsym";
				DEVELOPMENT_TEAM = 5H53W9SDBA;
				ENABLE_NS_ASSERTIONS = NO;
				ENABLE_STRICT_OBJC_MSGSEND = YES;
				ENABLE_USER_SCRIPT_SANDBOXING = NO;
				GCC_C_LANGUAGE_STANDARD = gnu11;
				GCC_NO_COMMON_BLOCKS = YES;
				GCC_WARN_64_TO_32_BIT_CONVERSION = YES;
				GCC_WARN_ABOUT_RETURN_TYPE = YES_ERROR;
				GCC_WARN_UNDECLARED_SELECTOR = YES;
				GCC_WARN_UNINITIALIZED_AUTOS = YES_AGGRESSIVE;
				GCC_WARN_UNUSED_FUNCTION = YES;
				GCC_WARN_UNUSED_VARIABLE = YES;
				IPHONEOS_DEPLOYMENT_TARGET = 17.0;
				MTL_ENABLE_DEBUG_INFO = NO;
				MTL_FAST_MATH = YES;
				SDKROOT = iphoneos;
				SWIFT_COMPILATION_MODE = wholemodule;
				SWIFT_OPTIMIZATION_LEVEL = "-O";
				VALIDATE_PRODUCT = YES;
			};
			name = Release;
		};
		7555FFA6242A565B00829871 /* Debug */ = {
			isa = XCBuildConfiguration;
			buildSettings = {
				ASSETCATALOG_COMPILER_APPICON_NAME = AppIcon;
				CODE_SIGN_STYLE = Automatic;
				DEVELOPMENT_ASSET_PATHS = "";
				ENABLE_PREVIEWS = YES;
				FRAMEWORK_SEARCH_PATHS = (
					"$(inherited)",
					"$(SRCROOT)/../Shared/build/xcode-frameworks/$(CONFIGURATION)/$(SDK_NAME)",
				);
				INFOPLIST_FILE = Runner/Info.plist;
				IPHONEOS_DEPLOYMENT_TARGET = 16.0;
				LD_RUNPATH_SEARCH_PATHS = (
					"$(inherited)",
					"@executable_path/Frameworks",
				);
				OTHER_LDFLAGS = (
					"$(inherited)",
					"-framework",
					Shared,
					"-lsqlite3",
				);
				PRODUCT_BUNDLE_IDENTIFIER = me.mitul.Portfolio;
				PRODUCT_NAME = "$(TARGET_NAME)";
				SUPPORTED_PLATFORMS = "iphoneos iphonesimulator";
				SUPPORTS_MACCATALYST = NO;
				SUPPORTS_XR_DESIGNED_FOR_IPHONE_IPAD = NO;
				SWIFT_VERSION = 5.0;
				TARGETED_DEVICE_FAMILY = 1;
			};
			name = Debug;
		};
		7555FFA7242A565B00829871 /* Release */ = {
			isa = XCBuildConfiguration;
			buildSettings = {
				ASSETCATALOG_COMPILER_APPICON_NAME = AppIcon;
				CODE_SIGN_STYLE = Automatic;
				DEVELOPMENT_ASSET_PATHS = "";
				ENABLE_PREVIEWS = YES;
				FRAMEWORK_SEARCH_PATHS = (
					"$(inherited)",
					"$(SRCROOT)/../Shared/build/xcode-frameworks/$(CONFIGURATION)/$(SDK_NAME)",
				);
				INFOPLIST_FILE = Runner/Info.plist;
				IPHONEOS_DEPLOYMENT_TARGET = 16.0;
				LD_RUNPATH_SEARCH_PATHS = (
					"$(inherited)",
					"@executable_path/Frameworks",
				);
				OTHER_LDFLAGS = (
					"$(inherited)",
					"-framework",
					Shared,
					"-lsqlite3",
				);
				PRODUCT_BUNDLE_IDENTIFIER = me.mitul.Portfolio;
				PRODUCT_NAME = "$(TARGET_NAME)";
				SUPPORTED_PLATFORMS = "iphoneos iphonesimulator";
				SUPPORTS_MACCATALYST = NO;
				SUPPORTS_XR_DESIGNED_FOR_IPHONE_IPAD = NO;
				SWIFT_VERSION = 5.0;
				TARGETED_DEVICE_FAMILY = 1;
			};
			name = Release;
		};
/* End XCBuildConfiguration section */

/* Begin XCConfigurationList section */
		7555FF76242A565900829871 /* Build configuration list for PBXProject "Runner" */ = {
			isa = XCConfigurationList;
			buildConfigurations = (
				7555FFA3242A565B00829871 /* Debug */,
				7555FFA4242A565B00829871 /* Release */,
			);
			defaultConfigurationIsVisible = 0;
			defaultConfigurationName = Release;
		};
		7555FFA5242A565B00829871 /* Build configuration list for PBXNativeTarget "Runner" */ = {
			isa = XCConfigurationList;
			buildConfigurations = (
				7555FFA6242A565B00829871 /* Debug */,
				7555FFA7242A565B00829871 /* Release */,
			);
			defaultConfigurationIsVisible = 0;
			defaultConfigurationName = Release;
		};
/* End XCConfigurationList section */
	};
	rootObject = 7555FF73242A565900829871 /* Project object */;
}
